
Microsoft Visual Studio Solution File, Format Version 12.00
# Visual Studio Version 16
VisualStudioVersion = 16.0.30503.244
MinimumVisualStudioVersion = 10.0.40219.1
Project("{FAE04EC0-301F-11D3-BF4B-00C04F79EFBC}") = "MVCTestProject", "MVCTestProject\MVCTestProject.csproj", "{0E36DE79-B180-4B2F-8F33-16253C7A7428}"
EndProject
Global
	GlobalSection(SolutionConfigurationPlatforms) = preSolution
		Debug|Any CPU = Debug|Any CPU
		Release|Any CPU = Release|Any CPU
	EndGlobalSection
	GlobalSection(ProjectConfigurationPlatforms) = postSolution
		{0E36DE79-B180-4B2F-8F33-16253C7A7428}.Debug|Any CPU.ActiveCfg = Debug|Any CPU
		{0E36DE79-B180-4B2F-8F33-16253C7A7428}.Debug|Any CPU.Build.0 = Debug|Any CPU
		{0E36DE79-B180-4B2F-8F33-16253C7A7428}.Release|Any CPU.ActiveCfg = Release|Any CPU
		{0E36DE79-B180-4B2F-8F33-16253C7A7428}.Release|Any CPU.Build.0 = Release|Any CPU
	EndGlobalSection
	GlobalSection(SolutionProperties) = preSolution
		HideSolutionNode = FALSE
	EndGlobalSection
	GlobalSection(ExtensibilityGlobals) = postSolution
		SolutionGuid = {4F0251AC-C234-4BC3-AAAA-199C0BE5B352}
	EndGlobalSection
EndGlobal
